
Microsoft Visual Studio Solution File, Format Version 12.00
# Visual Studio Version 16
VisualStudioVersion = 16.0.30503.244
MinimumVisualStudioVersion = 10.0.40219.1
Project("{FAE04EC0-301F-11D3-BF4B-00C04F79EFBC}") = "DelegatesOpgaver", "DelegatesOpgaver.csproj", "{10150FAA-6E15-42D6-BC4F-E1882B08EFE4}"
EndProject
Global
	GlobalSection(SolutionConfigurationPlatforms) = preSolution
		Debug|Any CPU = Debug|Any CPU
		Release|Any CPU = Release|Any CPU
	EndGlobalSection
	GlobalSection(ProjectConfigurationPlatforms) = postSolution
		{10150FAA-6E15-42D6-BC4F-E1882B08EFE4}.Debug|Any CPU.ActiveCfg = Debug|Any CPU
		{10150FAA-6E15-42D6-BC4F-E1882B08EFE4}.Debug|Any CPU.Build.0 = Debug|Any CPU
		{10150FAA-6E15-42D6-BC4F-E1882B08EFE4}.Release|Any CPU.ActiveCfg = Release|Any CPU
		{10150FAA-6E15-42D6-BC4F-E1882B08EFE4}.Release|Any CPU.Build.0 = Release|Any CPU
	EndGlobalSection
	GlobalSection(SolutionProperties) = preSolution
		HideSolutionNode = FALSE
	EndGlobalSection
	GlobalSection(ExtensibilityGlobals) = postSolution
		SolutionGuid = {10CA5FF2-73B6-4746-B32B-C94ADE0ACBEE}
	EndGlobalSection
EndGlobal
