
Microsoft Visual Studio Solution File, Format Version 12.00
# Visual Studio Version 16
VisualStudioVersion = 16.0.30621.155
MinimumVisualStudioVersion = 10.0.40219.1
Project("{FAE04EC0-301F-11D3-BF4B-00C04F79EFBC}") = "Kurse8UnitTesting", "Kurse8UnitTesting.csproj", "{4F294E14-F661-4280-A501-17774FAC9017}"
EndProject
Project("{FAE04EC0-301F-11D3-BF4B-00C04F79EFBC}") = "Kurse8UnitTestingTests", "..\Kurse8UnitTestingTests\Kurse8UnitTestingTests.csproj", "{B5DE0E8D-1694-4111-8F78-6C4243C5CAD0}"
EndProject
Global
	GlobalSection(SolutionConfigurationPlatforms) = preSolution
		Debug|Any CPU = Debug|Any CPU
		Release|Any CPU = Release|Any CPU
	EndGlobalSection
	GlobalSection(ProjectConfigurationPlatforms) = postSolution
		{4F294E14-F661-4280-A501-17774FAC9017}.Debug|Any CPU.ActiveCfg = Debug|Any CPU
		{4F294E14-F661-4280-A501-17774FAC9017}.Debug|Any CPU.Build.0 = Debug|Any CPU
		{4F294E14-F661-4280-A501-17774FAC9017}.Release|Any CPU.ActiveCfg = Release|Any CPU
		{4F294E14-F661-4280-A501-17774FAC9017}.Release|Any CPU.Build.0 = Release|Any CPU
		{B5DE0E8D-1694-4111-8F78-6C4243C5CAD0}.Debug|Any CPU.ActiveCfg = Debug|Any CPU
		{B5DE0E8D-1694-4111-8F78-6C4243C5CAD0}.Debug|Any CPU.Build.0 = Debug|Any CPU
		{B5DE0E8D-1694-4111-8F78-6C4243C5CAD0}.Release|Any CPU.ActiveCfg = Release|Any CPU
		{B5DE0E8D-1694-4111-8F78-6C4243C5CAD0}.Release|Any CPU.Build.0 = Release|Any CPU
	EndGlobalSection
	GlobalSection(SolutionProperties) = preSolution
		HideSolutionNode = FALSE
	EndGlobalSection
	GlobalSection(ExtensibilityGlobals) = postSolution
		SolutionGuid = {C44AD2C9-3C2E-4BC2-A14F-BBCB921B9479}
	EndGlobalSection
EndGlobal
